
Microsoft Visual Studio Solution File, Format Version 12.00
# Visual Studio 2015
Project("{FAE04EC0-301F-11D3-BF4B-00C04F79EFBC}") = "Joystick-master.Plugins", "Joystick-master.Plugins.csproj", "{373C2590-45FD-33D1-4D75-5B8369258B54}"
EndProject
Project("{FAE04EC0-301F-11D3-BF4B-00C04F79EFBC}") = "Joystick-master", "Joystick-master.csproj", "{5935B975-2423-9F58-D110-E2FCDC795FDE}"
EndProject
Project("{FAE04EC0-301F-11D3-BF4B-00C04F79EFBC}") = "Joystick-master.Editor.Plugins", "Joystick-master.Editor.Plugins.csproj", "{A31E4E61-950D-B1AF-878C-DB43667C4D7D}"
EndProject
Global
	GlobalSection(SolutionConfigurationPlatforms) = preSolution
		Debug|Any CPU = Debug|Any CPU
		Release|Any CPU = Release|Any CPU
	EndGlobalSection
	GlobalSection(ProjectConfigurationPlatforms) = postSolution
		{373C2590-45FD-33D1-4D75-5B8369258B54}.Debug|Any CPU.ActiveCfg = Debug|Any CPU
		{373C2590-45FD-33D1-4D75-5B8369258B54}.Debug|Any CPU.Build.0 = Debug|Any CPU
		{373C2590-45FD-33D1-4D75-5B8369258B54}.Release|Any CPU.ActiveCfg = Release|Any CPU
		{373C2590-45FD-33D1-4D75-5B8369258B54}.Release|Any CPU.Build.0 = Release|Any CPU
		{5935B975-2423-9F58-D110-E2FCDC795FDE}.Debug|Any CPU.ActiveCfg = Debug|Any CPU
		{5935B975-2423-9F58-D110-E2FCDC795FDE}.Debug|Any CPU.Build.0 = Debug|Any CPU
		{5935B975-2423-9F58-D110-E2FCDC795FDE}.Release|Any CPU.ActiveCfg = Release|Any CPU
		{5935B975-2423-9F58-D110-E2FCDC795FDE}.Release|Any CPU.Build.0 = Release|Any CPU
		{A31E4E61-950D-B1AF-878C-DB43667C4D7D}.Debug|Any CPU.ActiveCfg = Debug|Any CPU
		{A31E4E61-950D-B1AF-878C-DB43667C4D7D}.Debug|Any CPU.Build.0 = Debug|Any CPU
		{A31E4E61-950D-B1AF-878C-DB43667C4D7D}.Release|Any CPU.ActiveCfg = Release|Any CPU
		{A31E4E61-950D-B1AF-878C-DB43667C4D7D}.Release|Any CPU.Build.0 = Release|Any CPU
	EndGlobalSection
	GlobalSection(SolutionProperties) = preSolution
		HideSolutionNode = FALSE
	EndGlobalSection
EndGlobal
